Microsoft Visual Studio Solution File, Format Version 12.00
# Visual Studio Version 17
VisualStudioVersion = 17.5.2.0
MinimumVisualStudioVersion = 10.0.40219.1
Project("{FAE04EC0-301F-11D3-BF4B-00C04F79EFBC}") = "CompositeNodeIdSerializerTest", "CompositeNodeIdSerializerTest\CompositeNodeIdSerializerTest.csproj", "{DB389F52-9DD8-4268-A1CB-1E62C4512FE7}"
EndProject
Global
	GlobalSection(SolutionConfigurationPlatforms) = preSolution
		Debug|Any CPU = Debug|Any CPU
		Release|Any CPU = Release|Any CPU
	EndGlobalSection
	GlobalSection(ProjectConfigurationPlatforms) = postSolution
		{DB389F52-9DD8-4268-A1CB-1E62C4512FE7}.Debug|Any CPU.ActiveCfg = Debug|Any CPU
		{DB389F52-9DD8-4268-A1CB-1E62C4512FE7}.Debug|Any CPU.Build.0 = Debug|Any CPU
		{DB389F52-9DD8-4268-A1CB-1E62C4512FE7}.Release|Any CPU.ActiveCfg = Release|Any CPU
		{DB389F52-9DD8-4268-A1CB-1E62C4512FE7}.Release|Any CPU.Build.0 = Release|Any CPU
	EndGlobalSection
	GlobalSection(SolutionProperties) = preSolution
		HideSolutionNode = FALSE
	EndGlobalSection
	GlobalSection(ExtensibilityGlobals) = postSolution
		SolutionGuid = {677DD4AC-2FEF-4296-91BA-2C1F28678719}
	EndGlobalSection
EndGlobal
